// !$*UTF8*$!
{
	archiveVersion = 1;
	classes = {
	};
	objectVersion = 46;
	objects = {

/* Begin PBXBuildFile section */
		1B396B711C9251D900986749 /* AppDelegate.swift in Sources */ = {isa = PBXBuildFile; fileRef = 1B396B701C9251D900986749 /* AppDelegate.swift */; };
		1B396B731C9251D900986749 /* SingleEntryViewerVC.swift in Sources */ = {isa = PBXBuildFile; fileRef = 1B396B721C9251D900986749 /* SingleEntryViewerVC.swift */; };
		1B396B751C9251D900986749 /* AllEntriesViewerVC.swift in Sources */ = {isa = PBXBuildFile; fileRef = 1B396B741C9251D900986749 /* AllEntriesViewerVC.swift */; };
		1B396B781C9251D900986749 /* Main.storyboard in Resources */ = {isa = PBXBuildFile; fileRef = 1B396B761C9251D900986749 /* Main.storyboard */; };
		1B396B7A1C9251D900986749 /* Assets.xcassets in Resources */ = {isa = PBXBuildFile; fileRef = 1B396B791C9251D900986749 /* Assets.xcassets */; };
		1B396B7D1C9251D900986749 /* LaunchScreen.storyboard in Resources */ = {isa = PBXBuildFile; fileRef = 1B396B7B1C9251D900986749 /* LaunchScreen.storyboard */; };
		1B396B851C936B2F00986749 /* AgeGenderVC.swift in Sources */ = {isa = PBXBuildFile; fileRef = 1B396B841C936B2F00986749 /* AgeGenderVC.swift */; };
		1B396B891C936BBD00986749 /* QuestionsVC.swift in Sources */ = {isa = PBXBuildFile; fileRef = 1B396B881C936BBD00986749 /* QuestionsVC.swift */; };
		1B396B8B1C93774C00986749 /* MasterTabBarViewController.swift in Sources */ = {isa = PBXBuildFile; fileRef = 1B396B8A1C93774C00986749 /* MasterTabBarViewController.swift */; };
		1B396B951C93AD9600986749 /* AppStatesTest.swift in Sources */ = {isa = PBXBuildFile; fileRef = 1B396B941C93AD9600986749 /* AppStatesTest.swift */; };
		1B396BF21C96007400986749 /* DataManager.swift in Sources */ = {isa = PBXBuildFile; fileRef = 1B396BF11C96007400986749 /* DataManager.swift */; };
		1B396BF81C960D9B00986749 /* EntriesDB.swift in Sources */ = {isa = PBXBuildFile; fileRef = 1B396BF71C960D9B00986749 /* EntriesDB.swift */; };
		1B396BFA1C960EB000986749 /* libsqlite3.tbd in Frameworks */ = {isa = PBXBuildFile; fileRef = 1B396BF91C960EB000986749 /* libsqlite3.tbd */; };
		1B396BFF1C96200500986749 /* libsqlite3.tbd in Frameworks */ = {isa = PBXBuildFile; fileRef = 1B396BF91C960EB000986749 /* libsqlite3.tbd */; };
		1B5A3C2C1CAD031300DA118A /* DataUtil.swift in Sources */ = {isa = PBXBuildFile; fileRef = 1B5A3C2B1CAD031300DA118A /* DataUtil.swift */; };
		1B5A3C2E1CAD034600DA118A /* AppProperties.swift in Sources */ = {isa = PBXBuildFile; fileRef = 1B5A3C2D1CAD034600DA118A /* AppProperties.swift */; };
		1B5A3C301CAD08E000DA118A /* UserProperties.swift in Sources */ = {isa = PBXBuildFile; fileRef = 1B5A3C2F1CAD08E000DA118A /* UserProperties.swift */; };
		1B5A3C321CAD0B3B00DA118A /* Questionnaire.swift in Sources */ = {isa = PBXBuildFile; fileRef = 1B5A3C311CAD0B3B00DA118A /* Questionnaire.swift */; };
		1B5A3C341CAD0E2000DA118A /* ImagesIO.swift in Sources */ = {isa = PBXBuildFile; fileRef = 1B5A3C331CAD0E2000DA118A /* ImagesIO.swift */; };
		1B5A3C371CAD0F3200DA118A /* MainDataManager.swift in Sources */ = {isa = PBXBuildFile; fileRef = 1B5A3C361CAD0F3200DA118A /* MainDataManager.swift */; };
		1B6FAA821CA764B20061A219 /* MediaPopoverImagesVC.swift in Sources */ = {isa = PBXBuildFile; fileRef = 1B6FAA811CA764B20061A219 /* MediaPopoverImagesVC.swift */; };
		1B8866431C9F9C78007F7BEB /* Util.swift in Sources */ = {isa = PBXBuildFile; fileRef = 1B8866421C9F9C78007F7BEB /* Util.swift */; };
		1B8C20651CB7E01B0005AF1A /* NewEntryInitialVC.swift in Sources */ = {isa = PBXBuildFile; fileRef = 1B8C20641CB7E01B0005AF1A /* NewEntryInitialVC.swift */; };
		1B96F1861CB1A44C003DD435 /* ImagePickerPopoverVCUITests.swift in Sources */ = {isa = PBXBuildFile; fileRef = 1B96F1851CB1A44C003DD435 /* ImagePickerPopoverVCUITests.swift */; };
		1B96F1881CB1A49B003DD435 /* TestUtil.swift in Sources */ = {isa = PBXBuildFile; fileRef = 1B96F1871CB1A49B003DD435 /* TestUtil.swift */; };
		1BB5BEDD1CB46776009A4C3E /* LocalizedStrings.swift in Sources */ = {isa = PBXBuildFile; fileRef = 1BB5BEDC1CB46776009A4C3E /* LocalizedStrings.swift */; };
		1BB5BEDF1CB5355D009A4C3E /* MediaPopoverAudioVC.swift in Sources */ = {isa = PBXBuildFile; fileRef = 1BB5BEDE1CB5355D009A4C3E /* MediaPopoverAudioVC.swift */; };
		1BB5BEE11CB58323009A4C3E /* MediaPicker.swift in Sources */ = {isa = PBXBuildFile; fileRef = 1BB5BEE01CB58323009A4C3E /* MediaPicker.swift */; };
		1BB5BEE31CB59427009A4C3E /* MediaPopoverVideoVC.swift in Sources */ = {isa = PBXBuildFile; fileRef = 1BB5BEE21CB59427009A4C3E /* MediaPopoverVideoVC.swift */; };
		2F93C0551AF2A01D77E867AD /* InitialVC.swift in Sources */ = {isa = PBXBuildFile; fileRef = 2F93CB82990A53BF73B2C3AC /* InitialVC.swift */; };
		3F83D9AC1CCA68ED0072956D /* EntriesByDate.swift in Sources */ = {isa = PBXBuildFile; fileRef = 3F83D9AB1CCA68ED0072956D /* EntriesByDate.swift */; };
		3F83D9DF1CCA74C70072956D /* LostAndFound.swift in Sources */ = {isa = PBXBuildFile; fileRef = 3F83D9DE1CCA74C70072956D /* LostAndFound.swift */; };
		3F86B04D1CC2642400DEA036 /* MediaPopoverDataDelegateExistingEntry.swift in Sources */ = {isa = PBXBuildFile; fileRef = 3F86B04C1CC2642400DEA036 /* MediaPopoverDataDelegateExistingEntry.swift */; };
		3F86B0561CC299F800DEA036 /* MediaPopover.swift in Sources */ = {isa = PBXBuildFile; fileRef = 3F86B0551CC299F800DEA036 /* MediaPopover.swift */; };
		3F86B07A1CC2F31700DEA036 /* GPSLocationGetter.swift in Sources */ = {isa = PBXBuildFile; fileRef = 3F86B0791CC2F31700DEA036 /* GPSLocationGetter.swift */; };
		3F86B07C1CC2F91900DEA036 /* MapKit.framework in Frameworks */ = {isa = PBXBuildFile; fileRef = 3F86B07B1CC2F91900DEA036 /* MapKit.framework */; };
		3F930E991CBB240300922185 /* EntryDatabaseTests.swift in Sources */ = {isa = PBXBuildFile; fileRef = 3F930E981CBB240300922185 /* EntryDatabaseTests.swift */; };
		3F9455AF1CC3FCD300C73860 /* CustomSliderOut.swift in Sources */ = {isa = PBXBuildFile; fileRef = 3F9455AE1CC3FCD300C73860 /* CustomSliderOut.swift */; };
		3FAD4D461CC998FC00156615 /* Localizable.strings in Resources */ = {isa = PBXBuildFile; fileRef = 3FAD4D481CC998FC00156615 /* Localizable.strings */; };
		3FAD4D4B1CC998FC00156615 /* InfoPlist.strings in Resources */ = {isa = PBXBuildFile; fileRef = 3FAD4D4D1CC998FC00156615 /* InfoPlist.strings */; };
		3FAD4D501CC998FC00156615 /* InfoPlist.strings in Resources */ = {isa = PBXBuildFile; fileRef = 3FAD4D521CC998FC00156615 /* InfoPlist.strings */; };
		3FAD4D551CC998FC00156615 /* InfoPlist.strings in Resources */ = {isa = PBXBuildFile; fileRef = 3FAD4D571CC998FC00156615 /* InfoPlist.strings */; };
		3FAFCB381CC935C00048E48D /* InitialViewUITest.swift in Sources */ = {isa = PBXBuildFile; fileRef = 3FAFCB371CC935C00048E48D /* InitialViewUITest.swift */; };
		3FAFCB3A1CC938380048E48D /* AgeGenderViewUITest.swift in Sources */ = {isa = PBXBuildFile; fileRef = 3FAFCB391CC938380048E48D /* AgeGenderViewUITest.swift */; };
		3FB052751CC9E7D500FD83A5 /* datesAreWithinWeek_test.swift in Sources */ = {isa = PBXBuildFile; fileRef = 3FB052741CC9E7D500FD83A5 /* datesAreWithinWeek_test.swift */; };
		3FD3E0F61CBDE1E400A07F53 /* DescriptionTextDelegate.swift in Sources */ = {isa = PBXBuildFile; fileRef = 3FD3E0F51CBDE1E400A07F53 /* DescriptionTextDelegate.swift */; };
		3FD3E0FA1CBE1DA900A07F53 /* MediaPopoverDataDelegate.swift in Sources */ = {isa = PBXBuildFile; fileRef = 3FD3E0F91CBE1DA900A07F53 /* MediaPopoverDataDelegate.swift */; };
		3FD3E0FC1CBE1E7D00A07F53 /* MediaPopoverDataDelegateNewEntry.swift in Sources */ = {isa = PBXBuildFile; fileRef = 3FD3E0FB1CBE1E7D00A07F53 /* MediaPopoverDataDelegateNewEntry.swift */; };
		3FE3D93F1CBBF3D90062DFA8 /* TestUtil.swift in Sources */ = {isa = PBXBuildFile; fileRef = 3FE3D93E1CBBF3D90062DFA8 /* TestUtil.swift */; };
		3FE3D9421CBBF5220062DFA8 /* DatabaseUtil.swift in Sources */ = {isa = PBXBuildFile; fileRef = 3FE3D9411CBBF5220062DFA8 /* DatabaseUtil.swift */; };
		3FE3D9471CBC055A0062DFA8 /* SQLiteQueries.swift in Sources */ = {isa = PBXBuildFile; fileRef = 3FE3D9461CBC055A0062DFA8 /* SQLiteQueries.swift */; };
		3FE3D94A1CBC1D0A0062DFA8 /* Entry.swift in Sources */ = {isa = PBXBuildFile; fileRef = 3FE3D9491CBC1D0A0062DFA8 /* Entry.swift */; };
		3FE3D94C1CBC20940062DFA8 /* UIUtil.swift in Sources */ = {isa = PBXBuildFile; fileRef = 3FE3D94B1CBC20940062DFA8 /* UIUtil.swift */; };
		3FE3D94F1CBC24380062DFA8 /* TestEntry.swift in Sources */ = {isa = PBXBuildFile; fileRef = 3FE3D94E1CBC24380062DFA8 /* TestEntry.swift */; };
		3FE3D9561CBD69420062DFA8 /* DataConfig.swift in Sources */ = {isa = PBXBuildFile; fileRef = 3FE3D9551CBD69420062DFA8 /* DataConfig.swift */; };
		3FE3D95C1CBD7F790062DFA8 /* DataUtilTest.swift in Sources */ = {isa = PBXBuildFile; fileRef = 3FE3D95B1CBD7F790062DFA8 /* DataUtilTest.swift */; };
		3FE3D95E1CBDAB060062DFA8 /* myCopy_test.swift in Sources */ = {isa = PBXBuildFile; fileRef = 3FE3D95D1CBDAB060062DFA8 /* myCopy_test.swift */; };
		3FE3D9601CBDACCF0062DFA8 /* fileURL_test.swift in Sources */ = {isa = PBXBuildFile; fileRef = 3FE3D95F1CBDACCF0062DFA8 /* fileURL_test.swift */; };
		3FE3D9621CBDAD9E0062DFA8 /* createSubDir_test.swift in Sources */ = {isa = PBXBuildFile; fileRef = 3FE3D9611CBDAD9E0062DFA8 /* createSubDir_test.swift */; };
		3FE3D9641CBDADFF0062DFA8 /* deleteFile_test.swift in Sources */ = {isa = PBXBuildFile; fileRef = 3FE3D9631CBDADFF0062DFA8 /* deleteFile_test.swift */; };
		3FE3D9671CBDAE940062DFA8 /* myMove_test.swift in Sources */ = {isa = PBXBuildFile; fileRef = 3FE3D9661CBDAE940062DFA8 /* myMove_test.swift */; };
		3FF2B8921CBABEB200F54B7E /* AudioIO.swift in Sources */ = {isa = PBXBuildFile; fileRef = 3FF2B8911CBABEB200F54B7E /* AudioIO.swift */; };
		3FF2B8941CBABEC000F54B7E /* VideoIO.swift in Sources */ = {isa = PBXBuildFile; fileRef = 3FF2B8931CBABEC000F54B7E /* VideoIO.swift */; };
/* End PBXBuildFile section */

/* Begin PBXContainerItemProxy section */
		1B396B971C93AD9600986749 /* PBXContainerItemProxy */ = {
			isa = PBXContainerItemProxy;
			containerPortal = 1B396B651C9251D900986749 /* Project object */;
			proxyType = 1;
			remoteGlobalIDString = 1B396B6C1C9251D900986749;
			remoteInfo = MySportsDiary;
		};
		1BC2B9C91CA7418A00F519AF /* PBXContainerItemProxy */ = {
			isa = PBXContainerItemProxy;
			containerPortal = 1B396B651C9251D900986749 /* Project object */;
			proxyType = 1;
			remoteGlobalIDString = 1B396B6C1C9251D900986749;
			remoteInfo = MySportsDiary;
		};
/* End PBXContainerItemProxy section */

/* Begin PBXFileReference section */
		1B396B6D1C9251D900986749 /* MySportsDiary.app */ = {isa = PBXFileReference; explicitFileType = wrapper.application; includeInIndex = 0; path = MySportsDiary.app; sourceTree = BUILT_PRODUCTS_DIR; };
		1B396B701C9251D900986749 /* AppDelegate.swift */ = {isa = PBXFileReference; lastKnownFileType = sourcecode.swift; name = AppDelegate.swift; path = MySportsDiary/AppDelegate.swift; sourceTree = "<group>"; };
		1B396B721C9251D900986749 /* SingleEntryViewerVC.swift */ = {isa = PBXFileReference; lastKnownFileType = sourcecode.swift; path = SingleEntryViewerVC.swift; sourceTree = "<group>"; };
		1B396B741C9251D900986749 /* AllEntriesViewerVC.swift */ = {isa = PBXFileReference; lastKnownFileType = sourcecode.swift; path = AllEntriesViewerVC.swift; sourceTree = "<group>"; };
		1B396B771C9251D900986749 /* Base */ = {isa = PBXFileReference; lastKnownFileType = file.storyboard; name = Base; path = Base.lproj/Main.storyboard; sourceTree = "<group>"; };
		1B396B791C9251D900986749 /* Assets.xcassets */ = {isa = PBXFileReference; lastKnownFileType = folder.assetcatalog; path = Assets.xcassets; sourceTree = "<group>"; };
		1B396B7C1C9251D900986749 /* Base */ = {isa = PBXFileReference; lastKnownFileType = file.storyboard; name = Base; path = Base.lproj/LaunchScreen.storyboard; sourceTree = "<group>"; };
		1B396B7E1C9251D900986749 /* Info.plist */ = {isa = PBXFileReference; lastKnownFileType = text.plist.xml; path = Info.plist; sourceTree = "<group>"; };
		1B396B841C936B2F00986749 /* AgeGenderVC.swift */ = {isa = PBXFileReference; fileEncoding = 4; lastKnownFileType = sourcecode.swift; path = AgeGenderVC.swift; sourceTree = "<group>"; };
		1B396B881C936BBD00986749 /* QuestionsVC.swift */ = {isa = PBXFileReference; fileEncoding = 4; lastKnownFileType = sourcecode.swift; path = QuestionsVC.swift; sourceTree = "<group>"; };
		1B396B8A1C93774C00986749 /* MasterTabBarViewController.swift */ = {isa = PBXFileReference; fileEncoding = 4; lastKnownFileType = sourcecode.swift; path = MasterTabBarViewController.swift; sourceTree = "<group>"; };
		1B396B921C93AD9600986749 /* MySportsDiaryTests.xctest */ = {isa = PBXFileReference; explicitFileType = wrapper.cfbundle; includeInIndex = 0; path = MySportsDiaryTests.xctest; sourceTree = BUILT_PRODUCTS_DIR; };
		1B396B941C93AD9600986749 /* AppStatesTest.swift */ = {isa = PBXFileReference; lastKnownFileType = sourcecode.swift; path = AppStatesTest.swift; sourceTree = "<group>"; };
		1B396B961C93AD9600986749 /* Info.plist */ = {isa = PBXFileReference; lastKnownFileType = text.plist.xml; path = Info.plist; sourceTree = "<group>"; };
		1B396BF11C96007400986749 /* DataManager.swift */ = {isa = PBXFileReference; fileEncoding = 4; lastKnownFileType = sourcecode.swift; path = DataManager.swift; sourceTree = "<group>"; };
		1B396BF71C960D9B00986749 /* EntriesDB.swift */ = {isa = PBXFileReference; fileEncoding = 4; lastKnownFileType = sourcecode.swift; path = EntriesDB.swift; sourceTree = "<group>"; };
		1B396BF91C960EB000986749 /* libsqlite3.tbd */ = {isa = PBXFileReference; lastKnownFileType = "sourcecode.text-based-dylib-definition"; name = libsqlite3.tbd; path = usr/lib/libsqlite3.tbd; sourceTree = SDKROOT; };
		1B396BFB1C960F0D00986749 /* MySportsDiary-Bridging-Header.h */ = {isa = PBXFileReference; lastKnownFileType = sourcecode.c.h; path = "MySportsDiary-Bridging-Header.h"; sourceTree = "<group>"; };
		1B5A3C2B1CAD031300DA118A /* DataUtil.swift */ = {isa = PBXFileReference; fileEncoding = 4; lastKnownFileType = sourcecode.swift; path = DataUtil.swift; sourceTree = "<group>"; };
		1B5A3C2D1CAD034600DA118A /* AppProperties.swift */ = {isa = PBXFileReference; fileEncoding = 4; lastKnownFileType = sourcecode.swift; path = AppProperties.swift; sourceTree = "<group>"; };
		1B5A3C2F1CAD08E000DA118A /* UserProperties.swift */ = {isa = PBXFileReference; fileEncoding = 4; lastKnownFileType = sourcecode.swift; path = UserProperties.swift; sourceTree = "<group>"; };
		1B5A3C311CAD0B3B00DA118A /* Questionnaire.swift */ = {isa = PBXFileReference; fileEncoding = 4; lastKnownFileType = sourcecode.swift; path = Questionnaire.swift; sourceTree = "<group>"; };
		1B5A3C331CAD0E2000DA118A /* ImagesIO.swift */ = {isa = PBXFileReference; fileEncoding = 4; lastKnownFileType = sourcecode.swift; path = ImagesIO.swift; sourceTree = "<group>"; };
		1B5A3C361CAD0F3200DA118A /* MainDataManager.swift */ = {isa = PBXFileReference; fileEncoding = 4; lastKnownFileType = sourcecode.swift; path = MainDataManager.swift; sourceTree = "<group>"; };
		1B6FAA811CA764B20061A219 /* MediaPopoverImagesVC.swift */ = {isa = PBXFileReference; fileEncoding = 4; lastKnownFileType = sourcecode.swift; path = MediaPopoverImagesVC.swift; sourceTree = "<group>"; };
		1B8866421C9F9C78007F7BEB /* Util.swift */ = {isa = PBXFileReference; fileEncoding = 4; lastKnownFileType = sourcecode.swift; path = Util.swift; sourceTree = "<group>"; };
		1B8C20641CB7E01B0005AF1A /* NewEntryInitialVC.swift */ = {isa = PBXFileReference; fileEncoding = 4; lastKnownFileType = sourcecode.swift; path = NewEntryInitialVC.swift; sourceTree = "<group>"; };
		1B96F1851CB1A44C003DD435 /* ImagePickerPopoverVCUITests.swift */ = {isa = PBXFileReference; fileEncoding = 4; lastKnownFileType = sourcecode.swift; path = ImagePickerPopoverVCUITests.swift; sourceTree = "<group>"; };
		1B96F1871CB1A49B003DD435 /* TestUtil.swift */ = {isa = PBXFileReference; fileEncoding = 4; lastKnownFileType = sourcecode.swift; path = TestUtil.swift; sourceTree = "<group>"; };
		1BB5BEDC1CB46776009A4C3E /* LocalizedStrings.swift */ = {isa = PBXFileReference; fileEncoding = 4; lastKnownFileType = sourcecode.swift; path = LocalizedStrings.swift; sourceTree = "<group>"; };
		1BB5BEDE1CB5355D009A4C3E /* MediaPopoverAudioVC.swift */ = {isa = PBXFileReference; fileEncoding = 4; lastKnownFileType = sourcecode.swift; path = MediaPopoverAudioVC.swift; sourceTree = "<group>"; };
		1BB5BEE01CB58323009A4C3E /* MediaPicker.swift */ = {isa = PBXFileReference; fileEncoding = 4; lastKnownFileType = sourcecode.swift; path = MediaPicker.swift; sourceTree = "<group>"; };
		1BB5BEE21CB59427009A4C3E /* MediaPopoverVideoVC.swift */ = {isa = PBXFileReference; fileEncoding = 4; lastKnownFileType = sourcecode.swift; path = MediaPopoverVideoVC.swift; sourceTree = "<group>"; };
		1BC2B9C41CA7418A00F519AF /* MySportsDiaryUITests.xctest */ = {isa = PBXFileReference; explicitFileType = wrapper.cfbundle; includeInIndex = 0; path = MySportsDiaryUITests.xctest; sourceTree = BUILT_PRODUCTS_DIR; };
		1BC2B9C81CA7418A00F519AF /* Info.plist */ = {isa = PBXFileReference; lastKnownFileType = text.plist.xml; path = Info.plist; sourceTree = "<group>"; };
		2F93CB82990A53BF73B2C3AC /* InitialVC.swift */ = {isa = PBXFileReference; fileEncoding = 4; lastKnownFileType = sourcecode.swift; path = InitialVC.swift; sourceTree = "<group>"; };
		3F83D9AB1CCA68ED0072956D /* EntriesByDate.swift */ = {isa = PBXFileReference; fileEncoding = 4; lastKnownFileType = sourcecode.swift; path = EntriesByDate.swift; sourceTree = "<group>"; };
		3F83D9DE1CCA74C70072956D /* LostAndFound.swift */ = {isa = PBXFileReference; fileEncoding = 4; lastKnownFileType = sourcecode.swift; path = LostAndFound.swift; sourceTree = "<group>"; };
		3F86B04C1CC2642400DEA036 /* MediaPopoverDataDelegateExistingEntry.swift */ = {isa = PBXFileReference; fileEncoding = 4; lastKnownFileType = sourcecode.swift; path = MediaPopoverDataDelegateExistingEntry.swift; sourceTree = "<group>"; };
		3F86B0551CC299F800DEA036 /* MediaPopover.swift */ = {isa = PBXFileReference; fileEncoding = 4; lastKnownFileType = sourcecode.swift; path = MediaPopover.swift; sourceTree = "<group>"; };
		3F86B0791CC2F31700DEA036 /* GPSLocationGetter.swift */ = {isa = PBXFileReference; fileEncoding = 4; lastKnownFileType = sourcecode.swift; path = GPSLocationGetter.swift; sourceTree = "<group>"; };
		3F86B07B1CC2F91900DEA036 /* MapKit.framework */ = {isa = PBXFileReference; lastKnownFileType = wrapper.framework; name = MapKit.framework; path = System/Library/Frameworks/MapKit.framework; sourceTree = SDKROOT; };
		3F930E981CBB240300922185 /* EntryDatabaseTests.swift */ = {isa = PBXFileReference; fileEncoding = 4; lastKnownFileType = sourcecode.swift; path = EntryDatabaseTests.swift; sourceTree = "<group>"; };
		3F9455AE1CC3FCD300C73860 /* CustomSliderOut.swift */ = {isa = PBXFileReference; fileEncoding = 4; lastKnownFileType = sourcecode.swift; path = CustomSliderOut.swift; sourceTree = "<group>"; };
		3FAD4D421CC9929C00156615 /* pt-BR */ = {isa = PBXFileReference; lastKnownFileType = text.plist.strings; name = "pt-BR"; path = "pt-BR.lproj/LaunchScreen.strings"; sourceTree = "<group>"; };
		3FAD4D431CC9929C00156615 /* pt-BR */ = {isa = PBXFileReference; lastKnownFileType = text.plist.strings; name = "pt-BR"; path = "pt-BR.lproj/Main.strings"; sourceTree = "<group>"; };
		3FAD4D471CC998FC00156615 /* pt-BR */ = {isa = PBXFileReference; lastKnownFileType = text.plist.strings; name = "pt-BR"; path = "pt-BR.lproj/Localizable.strings"; sourceTree = "<group>"; };
		3FAD4D4C1CC998FC00156615 /* pt-BR */ = {isa = PBXFileReference; lastKnownFileType = text.plist.strings; name = "pt-BR"; path = "pt-BR.lproj/InfoPlist.strings"; sourceTree = "<group>"; };
		3FAD4D511CC998FC00156615 /* pt-BR */ = {isa = PBXFileReference; lastKnownFileType = text.plist.strings; name = "pt-BR"; path = "pt-BR.lproj/InfoPlist.strings"; sourceTree = "<group>"; };
		3FAD4D561CC998FC00156615 /* pt-BR */ = {isa = PBXFileReference; lastKnownFileType = text.plist.strings; name = "pt-BR"; path = "pt-BR.lproj/InfoPlist.strings"; sourceTree = "<group>"; };
		3FAD4D581CC99E3A00156615 /* en */ = {isa = PBXFileReference; lastKnownFileType = text.plist.strings; name = en; path = en.lproj/Main.strings; sourceTree = "<group>"; };
		3FAD4D591CC99E3A00156615 /* en */ = {isa = PBXFileReference; lastKnownFileType = text.plist.strings; name = en; path = en.lproj/Localizable.strings; sourceTree = "<group>"; };
		3FAD4D5A1CC99E3A00156615 /* en */ = {isa = PBXFileReference; lastKnownFileType = text.plist.strings; name = en; path = en.lproj/LaunchScreen.strings; sourceTree = "<group>"; };
		3FAD4D5B1CC99E3A00156615 /* en */ = {isa = PBXFileReference; lastKnownFileType = text.plist.strings; name = en; path = en.lproj/InfoPlist.strings; sourceTree = "<group>"; };
		3FAD4D5C1CC99E3A00156615 /* en */ = {isa = PBXFileReference; lastKnownFileType = text.plist.strings; name = en; path = en.lproj/InfoPlist.strings; sourceTree = "<group>"; };
		3FAD4D5D1CC99E3B00156615 /* en */ = {isa = PBXFileReference; lastKnownFileType = text.plist.strings; name = en; path = en.lproj/InfoPlist.strings; sourceTree = "<group>"; };
		3FAFCB371CC935C00048E48D /* InitialViewUITest.swift */ = {isa = PBXFileReference; fileEncoding = 4; lastKnownFileType = sourcecode.swift; path = InitialViewUITest.swift; sourceTree = "<group>"; };
		3FAFCB391CC938380048E48D /* AgeGenderViewUITest.swift */ = {isa = PBXFileReference; fileEncoding = 4; lastKnownFileType = sourcecode.swift; path = AgeGenderViewUITest.swift; sourceTree = "<group>"; };
		3FB052541CC9CC9E00FD83A5 /* Base */ = {isa = PBXFileReference; lastKnownFileType = text.plist.strings; name = Base; path = Base.lproj/Localizable.strings; sourceTree = "<group>"; };
		3FB052551CC9CD3F00FD83A5 /* Base */ = {isa = PBXFileReference; lastKnownFileType = text.plist.strings; name = Base; path = Base.lproj/InfoPlist.strings; sourceTree = "<group>"; };
		3FB052741CC9E7D500FD83A5 /* datesAreWithinWeek_test.swift */ = {isa = PBXFileReference; fileEncoding = 4; lastKnownFileType = sourcecode.swift; path = datesAreWithinWeek_test.swift; sourceTree = "<group>"; };
		3FD3E0F51CBDE1E400A07F53 /* DescriptionTextDelegate.swift */ = {isa = PBXFileReference; fileEncoding = 4; lastKnownFileType = sourcecode.swift; path = DescriptionTextDelegate.swift; sourceTree = "<group>"; };
		3FD3E0F91CBE1DA900A07F53 /* MediaPopoverDataDelegate.swift */ = {isa = PBXFileReference; fileEncoding = 4; lastKnownFileType = sourcecode.swift; path = MediaPopoverDataDelegate.swift; sourceTree = "<group>"; };
		3FD3E0FB1CBE1E7D00A07F53 /* MediaPopoverDataDelegateNewEntry.swift */ = {isa = PBXFileReference; fileEncoding = 4; lastKnownFileType = sourcecode.swift; path = MediaPopoverDataDelegateNewEntry.swift; sourceTree = "<group>"; };
		3FE3D93E1CBBF3D90062DFA8 /* TestUtil.swift */ = {isa = PBXFileReference; fileEncoding = 4; lastKnownFileType = sourcecode.swift; path = TestUtil.swift; sourceTree = "<group>"; };
		3FE3D9411CBBF5220062DFA8 /* DatabaseUtil.swift */ = {isa = PBXFileReference; fileEncoding = 4; lastKnownFileType = sourcecode.swift; path = DatabaseUtil.swift; sourceTree = "<group>"; };
		3FE3D9461CBC055A0062DFA8 /* SQLiteQueries.swift */ = {isa = PBXFileReference; fileEncoding = 4; lastKnownFileType = sourcecode.swift; path = SQLiteQueries.swift; sourceTree = "<group>"; };
		3FE3D9491CBC1D0A0062DFA8 /* Entry.swift */ = {isa = PBXFileReference; fileEncoding = 4; lastKnownFileType = sourcecode.swift; path = Entry.swift; sourceTree = "<group>"; };
		3FE3D94B1CBC20940062DFA8 /* UIUtil.swift */ = {isa = PBXFileReference; fileEncoding = 4; lastKnownFileType = sourcecode.swift; path = UIUtil.swift; sourceTree = "<group>"; };
		3FE3D94E1CBC24380062DFA8 /* TestEntry.swift */ = {isa = PBXFileReference; fileEncoding = 4; lastKnownFileType = sourcecode.swift; path = TestEntry.swift; sourceTree = "<group>"; };
		3FE3D9551CBD69420062DFA8 /* DataConfig.swift */ = {isa = PBXFileReference; fileEncoding = 4; lastKnownFileType = sourcecode.swift; path = DataConfig.swift; sourceTree = "<group>"; };
		3FE3D95B1CBD7F790062DFA8 /* DataUtilTest.swift */ = {isa = PBXFileReference; fileEncoding = 4; lastKnownFileType = sourcecode.swift; path = DataUtilTest.swift; sourceTree = "<group>"; };
		3FE3D95D1CBDAB060062DFA8 /* myCopy_test.swift */ = {isa = PBXFileReference; fileEncoding = 4; lastKnownFileType = sourcecode.swift; path = myCopy_test.swift; sourceTree = "<group>"; };
		3FE3D95F1CBDACCF0062DFA8 /* fileURL_test.swift */ = {isa = PBXFileReference; fileEncoding = 4; lastKnownFileType = sourcecode.swift; path = fileURL_test.swift; sourceTree = "<group>"; };
		3FE3D9611CBDAD9E0062DFA8 /* createSubDir_test.swift */ = {isa = PBXFileReference; fileEncoding = 4; lastKnownFileType = sourcecode.swift; path = createSubDir_test.swift; sourceTree = "<group>"; };
		3FE3D9631CBDADFF0062DFA8 /* deleteFile_test.swift */ = {isa = PBXFileReference; fileEncoding = 4; lastKnownFileType = sourcecode.swift; path = deleteFile_test.swift; sourceTree = "<group>"; };
		3FE3D9661CBDAE940062DFA8 /* myMove_test.swift */ = {isa = PBXFileReference; fileEncoding = 4; lastKnownFileType = sourcecode.swift; path = myMove_test.swift; sourceTree = "<group>"; };
		3FF2B8911CBABEB200F54B7E /* AudioIO.swift */ = {isa = PBXFileReference; fileEncoding = 4; lastKnownFileType = sourcecode.swift; path = AudioIO.swift; sourceTree = "<group>"; };
		3FF2B8931CBABEC000F54B7E /* VideoIO.swift */ = {isa = PBXFileReference; fileEncoding = 4; lastKnownFileType = sourcecode.swift; path = VideoIO.swift; sourceTree = "<group>"; };
/* End PBXFileReference section */

/* Begin PBXFrameworksBuildPhase section */
		1B396B6A1C9251D900986749 /* Frameworks */ = {
			isa = PBXFrameworksBuildPhase;
			buildActionMask = 2147483647;
			files = (
				3F86B07C1CC2F91900DEA036 /* MapKit.framework in Frameworks */,
				1B396BFF1C96200500986749 /* libsqlite3.tbd in Frameworks */,
			);
			runOnlyForDeploymentPostprocessing = 0;
		};
		1B396B8F1C93AD9600986749 /* Frameworks */ = {
			isa = PBXFrameworksBuildPhase;
			buildActionMask = 2147483647;
			files = (
				1B396BFA1C960EB000986749 /* libsqlite3.tbd in Frameworks */,
			);
			runOnlyForDeploymentPostprocessing = 0;
		};
		1BC2B9C11CA7418A00F519AF /* Frameworks */ = {
			isa = PBXFrameworksBuildPhase;
			buildActionMask = 2147483647;
			files = (
			);
			runOnlyForDeploymentPostprocessing = 0;
		};
/* End PBXFrameworksBuildPhase section */

/* Begin PBXGroup section */
		1B396B641C9251D900986749 = {
			isa = PBXGroup;
			children = (
				1B396B6F1C9251D900986749 /* MySportsDiary */,
				1B396B761C9251D900986749 /* Main.storyboard */,
				1B396B701C9251D900986749 /* AppDelegate.swift */,
				1B396B931C93AD9600986749 /* MySportsDiaryTests */,
				1BC2B9C51CA7418A00F519AF /* MySportsDiaryUITests */,
				1B396B6E1C9251D900986749 /* Products */,
			);
			sourceTree = "<group>";
		};
		1B396B6E1C9251D900986749 /* Products */ = {
			isa = PBXGroup;
			children = (
				1B396B6D1C9251D900986749 /* MySportsDiary.app */,
				1B396B921C93AD9600986749 /* MySportsDiaryTests.xctest */,
				1BC2B9C41CA7418A00F519AF /* MySportsDiaryUITests.xctest */,
			);
			name = Products;
			sourceTree = "<group>";
		};
		1B396B6F1C9251D900986749 /* MySportsDiary */ = {
			isa = PBXGroup;
			children = (
				3FAD4D401CC972A200156615 /* ViewControllers */,
				1B8866471C9F9D87007F7BEB /* Other */,
				1B8866451C9F9D42007F7BEB /* Model */,
			);
			path = MySportsDiary;
			sourceTree = "<group>";
		};
		1B396B931C93AD9600986749 /* MySportsDiaryTests */ = {
			isa = PBXGroup;
			children = (
				3FAD4D571CC998FC00156615 /* InfoPlist.strings */,
				3FE3D94E1CBC24380062DFA8 /* TestEntry.swift */,
				1B396B961C93AD9600986749 /* Info.plist */,
				3FE3D9651CBDAE670062DFA8 /* DataUtilTests */,
				3FE3D9571CBD7F190062DFA8 /* Persistence */,
				3FE3D93E1CBBF3D90062DFA8 /* TestUtil.swift */,
			);
			path = MySportsDiaryTests;
			sourceTree = "<group>";
		};
		1B5A3C351CAD0ECD00DA118A /* General */ = {
			isa = PBXGroup;
			children = (
				1B5A3C2F1CAD08E000DA118A /* UserProperties.swift */,
				1B5A3C311CAD0B3B00DA118A /* Questionnaire.swift */,
				1B5A3C2D1CAD034600DA118A /* AppProperties.swift */,
			);
			name = General;
			sourceTree = "<group>";
		};
		1B6FAA801CA762B20061A219 /* Entry */ = {
			isa = PBXGroup;
			children = (
				1B8C20641CB7E01B0005AF1A /* NewEntryInitialVC.swift */,
				1B396B741C9251D900986749 /* AllEntriesViewerVC.swift */,
				1B396B721C9251D900986749 /* SingleEntryViewerVC.swift */,
				3F86B0541CC2744800DEA036 /* Pickers */,
				3F86B0791CC2F31700DEA036 /* GPSLocationGetter.swift */,
			);
			name = Entry;
			sourceTree = "<group>";
		};
		1B8866441C9F9D28007F7BEB /* QuestionnaireTab */ = {
			isa = PBXGroup;
			children = (
				2F93CB82990A53BF73B2C3AC /* InitialVC.swift */,
				1B396B841C936B2F00986749 /* AgeGenderVC.swift */,
				1B396B881C936BBD00986749 /* QuestionsVC.swift */,
			);
			name = QuestionnaireTab;
			sourceTree = "<group>";
		};
		1B8866451C9F9D42007F7BEB /* Model */ = {
			isa = PBXGroup;
			children = (
				3FE3D9491CBC1D0A0062DFA8 /* Entry.swift */,
				3F83D9AB1CCA68ED0072956D /* EntriesByDate.swift */,
				3FE3D9481CBC10C20062DFA8 /* MainDataManager */,
				1B5A3C361CAD0F3200DA118A /* MainDataManager.swift */,
				1B396BF11C96007400986749 /* DataManager.swift */,
				1B5A3C2B1CAD031300DA118A /* DataUtil.swift */,
				3FE3D9551CBD69420062DFA8 /* DataConfig.swift */,
			);
			name = Model;
			sourceTree = "<group>";
		};
		1B8866461C9F9D69007F7BEB /* MasterTabController */ = {
			isa = PBXGroup;
			children = (
				1B396B8A1C93774C00986749 /* MasterTabBarViewController.swift */,
			);
			name = MasterTabController;
			sourceTree = "<group>";
		};
		1B8866471C9F9D87007F7BEB /* Other */ = {
			isa = PBXGroup;
			children = (
				3FAD4D4D1CC998FC00156615 /* InfoPlist.strings */,
				3FAD4D481CC998FC00156615 /* Localizable.strings */,
				3FAD4D411CC973A500156615 /* Import */,
				1B396B791C9251D900986749 /* Assets.xcassets */,
				1B396B7E1C9251D900986749 /* Info.plist */,
				1B396B7B1C9251D900986749 /* LaunchScreen.storyboard */,
				1B396BFB1C960F0D00986749 /* MySportsDiary-Bridging-Header.h */,
			);
			name = Other;
			sourceTree = "<group>";
		};
		1BC2B9C51CA7418A00F519AF /* MySportsDiaryUITests */ = {
			isa = PBXGroup;
			children = (
				3FAD4D521CC998FC00156615 /* InfoPlist.strings */,
				1BC2B9C81CA7418A00F519AF /* Info.plist */,
				1B96F1851CB1A44C003DD435 /* ImagePickerPopoverVCUITests.swift */,
				1B96F1871CB1A49B003DD435 /* TestUtil.swift */,
				3FAFCB371CC935C00048E48D /* InitialViewUITest.swift */,
				3FAFCB391CC938380048E48D /* AgeGenderViewUITest.swift */,
			);
			path = MySportsDiaryUITests;
			sourceTree = "<group>";
		};
		3F86B04E1CC264C100DEA036 /* Delegates */ = {
			isa = PBXGroup;
			children = (
				3FD3E0FB1CBE1E7D00A07F53 /* MediaPopoverDataDelegateNewEntry.swift */,
				3F86B04C1CC2642400DEA036 /* MediaPopoverDataDelegateExistingEntry.swift */,
				3FD3E0F91CBE1DA900A07F53 /* MediaPopoverDataDelegate.swift */,
			);
			name = Delegates;
			sourceTree = "<group>";
		};
		3F86B0541CC2744800DEA036 /* Pickers */ = {
			isa = PBXGroup;
			children = (
				3F86B04E1CC264C100DEA036 /* Delegates */,
				1BB5BEE01CB58323009A4C3E /* MediaPicker.swift */,
				1BB5BEDE1CB5355D009A4C3E /* MediaPopoverAudioVC.swift */,
				1B6FAA811CA764B20061A219 /* MediaPopoverImagesVC.swift */,
				1BB5BEE21CB59427009A4C3E /* MediaPopoverVideoVC.swift */,
				3F86B0551CC299F800DEA036 /* MediaPopover.swift */,
			);
			name = Pickers;
			sourceTree = "<group>";
		};
		3FAD4D401CC972A200156615 /* ViewControllers */ = {
			isa = PBXGroup;
			children = (
				1B8866461C9F9D69007F7BEB /* MasterTabController */,
				1B6FAA801CA762B20061A219 /* Entry */,
				1B8866441C9F9D28007F7BEB /* QuestionnaireTab */,
				3FE3D94D1CBC20F40062DFA8 /* Util */,
			);
			name = ViewControllers;
			sourceTree = "<group>";
		};
		3FAD4D411CC973A500156615 /* Import */ = {
			isa = PBXGroup;
			children = (
				3F86B07B1CC2F91900DEA036 /* MapKit.framework */,
				1B396BF91C960EB000986749 /* libsqlite3.tbd */,
			);
			name = Import;
			path = ..;
			sourceTree = "<group>";
		};
		3FE3D9431CBBF52A0062DFA8 /* Entries */ = {
			isa = PBXGroup;
			children = (
				1B396BF71C960D9B00986749 /* EntriesDB.swift */,
				3FE3D9411CBBF5220062DFA8 /* DatabaseUtil.swift */,
				3FE3D9461CBC055A0062DFA8 /* SQLiteQueries.swift */,
			);
			name = Entries;
			sourceTree = "<group>";
		};
		3FE3D9481CBC10C20062DFA8 /* MainDataManager */ = {
			isa = PBXGroup;
			children = (
				1B5A3C351CAD0ECD00DA118A /* General */,
				3FF2B8901CBABE9C00F54B7E /* MediaIO */,
				3FE3D9431CBBF52A0062DFA8 /* Entries */,
			);
			name = MainDataManager;
			sourceTree = "<group>";
		};
		3FE3D94D1CBC20F40062DFA8 /* Util */ = {
			isa = PBXGroup;
			children = (
				3FD3E0F51CBDE1E400A07F53 /* DescriptionTextDelegate.swift */,
				1BB5BEDC1CB46776009A4C3E /* LocalizedStrings.swift */,
				3FE3D94B1CBC20940062DFA8 /* UIUtil.swift */,
				1B8866421C9F9C78007F7BEB /* Util.swift */,
				3F9455AE1CC3FCD300C73860 /* CustomSliderOut.swift */,
				3F83D9DE1CCA74C70072956D /* LostAndFound.swift */,
			);
			name = Util;
			sourceTree = "<group>";
		};
		3FE3D9571CBD7F190062DFA8 /* Persistence */ = {
			isa = PBXGroup;
			children = (
				1B396B941C93AD9600986749 /* AppStatesTest.swift */,
				3F930E981CBB240300922185 /* EntryDatabaseTests.swift */,
			);
			name = Persistence;
			sourceTree = "<group>";
		};
		3FE3D9651CBDAE670062DFA8 /* DataUtilTests */ = {
			isa = PBXGroup;
			children = (
				3FE3D95B1CBD7F790062DFA8 /* DataUtilTest.swift */,
				3FE3D95D1CBDAB060062DFA8 /* myCopy_test.swift */,
				3FE3D95F1CBDACCF0062DFA8 /* fileURL_test.swift */,
				3FE3D9611CBDAD9E0062DFA8 /* createSubDir_test.swift */,
				3FE3D9631CBDADFF0062DFA8 /* deleteFile_test.swift */,
				3FE3D9661CBDAE940062DFA8 /* myMove_test.swift */,
				3FB052741CC9E7D500FD83A5 /* datesAreWithinWeek_test.swift */,
			);
			name = DataUtilTests;
			sourceTree = "<group>";
		};
		3FF2B8901CBABE9C00F54B7E /* MediaIO */ = {
			isa = PBXGroup;
			children = (
				1B5A3C331CAD0E2000DA118A /* ImagesIO.swift */,
				3FF2B8911CBABEB200F54B7E /* AudioIO.swift */,
				3FF2B8931CBABEC000F54B7E /* VideoIO.swift */,
			);
			name = MediaIO;
			sourceTree = "<group>";
		};
/* End PBXGroup section */

/* Begin PBXNativeTarget section */
		1B396B6C1C9251D900986749 /* MySportsDiary */ = {
			isa = PBXNativeTarget;
			buildConfigurationList = 1B396B811C9251D900986749 /* Build configuration list for PBXNativeTarget "MySportsDiary" */;
			buildPhases = (
				1B396B691C9251D900986749 /* Sources */,
				1B396B6A1C9251D900986749 /* Frameworks */,
				1B396B6B1C9251D900986749 /* Resources */,
			);
			buildRules = (
			);
			dependencies = (
			);
			name = MySportsDiary;
			productName = MySportsDiary;
			productReference = 1B396B6D1C9251D900986749 /* MySportsDiary.app */;
			productType = "com.apple.product-type.application";
		};
		1B396B911C93AD9600986749 /* MySportsDiaryTests */ = {
			isa = PBXNativeTarget;
			buildConfigurationList = 1B396B9B1C93AD9600986749 /* Build configuration list for PBXNativeTarget "MySportsDiaryTests" */;
			buildPhases = (
				1B396B8E1C93AD9600986749 /* Sources */,
				1B396B8F1C93AD9600986749 /* Frameworks */,
				1B396B901C93AD9600986749 /* Resources */,
			);
			buildRules = (
			);
			dependencies = (
				1B396B981C93AD9600986749 /* PBXTargetDependency */,
			);
			name = MySportsDiaryTests;
			productName = MySportsDiaryTests;
			productReference = 1B396B921C93AD9600986749 /* MySportsDiaryTests.xctest */;
			productType = "com.apple.product-type.bundle.unit-test";
		};
		1BC2B9C31CA7418A00F519AF /* MySportsDiaryUITests */ = {
			isa = PBXNativeTarget;
			buildConfigurationList = 1BC2B9CB1CA7418A00F519AF /* Build configuration list for PBXNativeTarget "MySportsDiaryUITests" */;
			buildPhases = (
				1BC2B9C01CA7418A00F519AF /* Sources */,
				1BC2B9C11CA7418A00F519AF /* Frameworks */,
				1BC2B9C21CA7418A00F519AF /* Resources */,
			);
			buildRules = (
			);
			dependencies = (
				1BC2B9CA1CA7418A00F519AF /* PBXTargetDependency */,
			);
			name = MySportsDiaryUITests;
			productName = MySportsDiaryUITests;
			productReference = 1BC2B9C41CA7418A00F519AF /* MySportsDiaryUITests.xctest */;
			productType = "com.apple.product-type.bundle.ui-testing";
		};
/* End PBXNativeTarget section */

/* Begin PBXProject section */
		1B396B651C9251D900986749 /* Project object */ = {
			isa = PBXProject;
			attributes = {
				LastSwiftUpdateCheck = 0730;
				LastUpgradeCheck = 0720;
				ORGANIZATIONNAME = "Evdzhan Mustafa";
				TargetAttributes = {
					1B396B6C1C9251D900986749 = {
						CreatedOnToolsVersion = 7.2;
						DevelopmentTeam = THUMBBZ8LL;
						SystemCapabilities = {
							com.apple.Maps.iOS = {
								enabled = 1;
							};
						};
					};
					1B396B911C93AD9600986749 = {
						CreatedOnToolsVersion = 7.2;
						DevelopmentTeam = THUMBBZ8LL;
						TestTargetID = 1B396B6C1C9251D900986749;
					};
					1BC2B9C31CA7418A00F519AF = {
						CreatedOnToolsVersion = 7.3;
						DevelopmentTeam = THUMBBZ8LL;
						TestTargetID = 1B396B6C1C9251D900986749;
					};
				};
			};
			buildConfigurationList = 1B396B681C9251D900986749 /* Build configuration list for PBXProject "MySportsDiary" */;
			compatibilityVersion = "Xcode 3.2";
			developmentRegion = English;
			hasScannedForEncodings = 0;
			knownRegions = (
				en,
				Base,
			);
			mainGroup = 1B396B641C9251D900986749;
			productRefGroup = 1B396B6E1C9251D900986749 /* Products */;
			projectDirPath = "";
			projectRoot = "";
			targets = (
				1B396B6C1C9251D900986749 /* MySportsDiary */,
				1B396B911C93AD9600986749 /* MySportsDiaryTests */,
				1BC2B9C31CA7418A00F519AF /* MySportsDiaryUITests */,
			);
		};
/* End PBXProject section */

/* Begin PBXResourcesBuildPhase section */
		1B396B6B1C9251D900986749 /* Resources */ = {
			isa = PBXResourcesBuildPhase;
			buildActionMask = 2147483647;
			files = (
				1B396B7D1C9251D900986749 /* LaunchScreen.storyboard in Resources */,
				3FAD4D461CC998FC00156615 /* Localizable.strings in Resources */,
				1B396B7A1C9251D900986749 /* Assets.xcassets in Resources */,
				1B396B781C9251D900986749 /* Main.storyboard in Resources */,
				3FAD4D4B1CC998FC00156615 /* InfoPlist.strings in Resources */,
			);
			runOnlyForDeploymentPostprocessing = 0;
		};
		1B396B901C93AD9600986749 /* Resources */ = {
			isa = PBXResourcesBuildPhase;
			buildActionMask = 2147483647;
			files = (
				3FAD4D551CC998FC00156615 /* InfoPlist.strings in Resources */,
			);
			runOnlyForDeploymentPostprocessing = 0;
		};
		1BC2B9C21CA7418A00F519AF /* Resources */ = {
			isa = PBXResourcesBuildPhase;
			buildActionMask = 2147483647;
			files = (
				3FAD4D501CC998FC00156615 /* InfoPlist.strings in Resources */,
			);
			runOnlyForDeploymentPostprocessing = 0;
		};
/* End PBXResourcesBuildPhase section */

/* Begin PBXSourcesBuildPhase section */
		1B396B691C9251D900986749 /* Sources */ = {
			isa = PBXSourcesBuildPhase;
			buildActionMask = 2147483647;
			files = (
				3FE3D94A1CBC1D0A0062DFA8 /* Entry.swift in Sources */,
				3FD3E0F61CBDE1E400A07F53 /* DescriptionTextDelegate.swift in Sources */,
				3F86B0561CC299F800DEA036 /* MediaPopover.swift in Sources */,
				3F9455AF1CC3FCD300C73860 /* CustomSliderOut.swift in Sources */,
				1B396B751C9251D900986749 /* AllEntriesViewerVC.swift in Sources */,
				1BB5BEDF1CB5355D009A4C3E /* MediaPopoverAudioVC.swift in Sources */,
				1B396B8B1C93774C00986749 /* MasterTabBarViewController.swift in Sources */,
				1B5A3C321CAD0B3B00DA118A /* Questionnaire.swift in Sources */,
				3FE3D9421CBBF5220062DFA8 /* DatabaseUtil.swift in Sources */,
				1B396B891C936BBD00986749 /* QuestionsVC.swift in Sources */,
				3F83D9DF1CCA74C70072956D /* LostAndFound.swift in Sources */,
				3F86B04D1CC2642400DEA036 /* MediaPopoverDataDelegateExistingEntry.swift in Sources */,
				1B396B711C9251D900986749 /* AppDelegate.swift in Sources */,
				3F83D9AC1CCA68ED0072956D /* EntriesByDate.swift in Sources */,
				1B8866431C9F9C78007F7BEB /* Util.swift in Sources */,
				1B5A3C371CAD0F3200DA118A /* MainDataManager.swift in Sources */,
				1B5A3C341CAD0E2000DA118A /* ImagesIO.swift in Sources */,
				1B396B851C936B2F00986749 /* AgeGenderVC.swift in Sources */,
				1BB5BEDD1CB46776009A4C3E /* LocalizedStrings.swift in Sources */,
				1B8C20651CB7E01B0005AF1A /* NewEntryInitialVC.swift in Sources */,
				3FF2B8921CBABEB200F54B7E /* AudioIO.swift in Sources */,
				3FE3D9471CBC055A0062DFA8 /* SQLiteQueries.swift in Sources */,
				1BB5BEE11CB58323009A4C3E /* MediaPicker.swift in Sources */,
				1B396BF21C96007400986749 /* DataManager.swift in Sources */,
				1B5A3C2C1CAD031300DA118A /* DataUtil.swift in Sources */,
				1B5A3C2E1CAD034600DA118A /* AppProperties.swift in Sources */,
				1B5A3C301CAD08E000DA118A /* UserProperties.swift in Sources */,
				1B396BF81C960D9B00986749 /* EntriesDB.swift in Sources */,
				1B396B731C9251D900986749 /* SingleEntryViewerVC.swift in Sources */,
				3FE3D9561CBD69420062DFA8 /* DataConfig.swift in Sources */,
				3FE3D94C1CBC20940062DFA8 /* UIUtil.swift in Sources */,
				3FD3E0FC1CBE1E7D00A07F53 /* MediaPopoverDataDelegateNewEntry.swift in Sources */,
				1B6FAA821CA764B20061A219 /* MediaPopoverImagesVC.swift in Sources */,
				3FF2B8941CBABEC000F54B7E /* VideoIO.swift in Sources */,
				3F86B07A1CC2F31700DEA036 /* GPSLocationGetter.swift in Sources */,
				3FD3E0FA1CBE1DA900A07F53 /* MediaPopoverDataDelegate.swift in Sources */,
				1BB5BEE31CB59427009A4C3E /* MediaPopoverVideoVC.swift in Sources */,
				2F93C0551AF2A01D77E867AD /* InitialVC.swift in Sources */,
			);
			runOnlyForDeploymentPostprocessing = 0;
		};
		1B396B8E1C93AD9600986749 /* Sources */ = {
			isa = PBXSourcesBuildPhase;
			buildActionMask = 2147483647;
			files = (
				3FE3D9671CBDAE940062DFA8 /* myMove_test.swift in Sources */,
				3FE3D94F1CBC24380062DFA8 /* TestEntry.swift in Sources */,
				3FB052751CC9E7D500FD83A5 /* datesAreWithinWeek_test.swift in Sources */,
				1B396B951C93AD9600986749 /* AppStatesTest.swift in Sources */,
				3FE3D95C1CBD7F790062DFA8 /* DataUtilTest.swift in Sources */,
				3F930E991CBB240300922185 /* EntryDatabaseTests.swift in Sources */,
				3FE3D93F1CBBF3D90062DFA8 /* TestUtil.swift in Sources */,
				3FE3D9601CBDACCF0062DFA8 /* fileURL_test.swift in Sources */,
				3FE3D9621CBDAD9E0062DFA8 /* createSubDir_test.swift in Sources */,
				3FE3D9641CBDADFF0062DFA8 /* deleteFile_test.swift in Sources */,
				3FE3D95E1CBDAB060062DFA8 /* myCopy_test.swift in Sources */,
			);
			runOnlyForDeploymentPostprocessing = 0;
		};
		1BC2B9C01CA7418A00F519AF /* Sources */ = {
			isa = PBXSourcesBuildPhase;
			buildActionMask = 2147483647;
			files = (
				1B96F1861CB1A44C003DD435 /* ImagePickerPopoverVCUITests.swift in Sources */,
				3FAFCB381CC935C00048E48D /* InitialViewUITest.swift in Sources */,
				1B96F1881CB1A49B003DD435 /* TestUtil.swift in Sources */,
				3FAFCB3A1CC938380048E48D /* AgeGenderViewUITest.swift in Sources */,
			);
			runOnlyForDeploymentPostprocessing = 0;
		};
/* End PBXSourcesBuildPhase section */

/* Begin PBXTargetDependency section */
		1B396B981C93AD9600986749 /* PBXTargetDependency */ = {
			isa = PBXTargetDependency;
			target = 1B396B6C1C9251D900986749 /* MySportsDiary */;
			targetProxy = 1B396B971C93AD9600986749 /* PBXContainerItemProxy */;
		};
		1BC2B9CA1CA7418A00F519AF /* PBXTargetDependency */ = {
			isa = PBXTargetDependency;
			target = 1B396B6C1C9251D900986749 /* MySportsDiary */;
			targetProxy = 1BC2B9C91CA7418A00F519AF /* PBXContainerItemProxy */;
		};
/* End PBXTargetDependency section */

/* Begin PBXVariantGroup section */
		1B396B761C9251D900986749 /* Main.storyboard */ = {
			isa = PBXVariantGroup;
			children = (
				1B396B771C9251D900986749 /* Base */,
				3FAD4D431CC9929C00156615 /* pt-BR */,
				3FAD4D581CC99E3A00156615 /* en */,
			);
			name = Main.storyboard;
			path = MySportsDiary;
			sourceTree = "<group>";
		};
		1B396B7B1C9251D900986749 /* LaunchScreen.storyboard */ = {
			isa = PBXVariantGroup;
			children = (
				1B396B7C1C9251D900986749 /* Base */,
				3FAD4D421CC9929C00156615 /* pt-BR */,
				3FAD4D5A1CC99E3A00156615 /* en */,
			);
			name = LaunchScreen.storyboard;
			sourceTree = "<group>";
		};
		3FAD4D481CC998FC00156615 /* Localizable.strings */ = {
			isa = PBXVariantGroup;
			children = (
				3FAD4D471CC998FC00156615 /* pt-BR */,
				3FAD4D591CC99E3A00156615 /* en */,
				3FB052541CC9CC9E00FD83A5 /* Base */,
			);
			name = Localizable.strings;
			sourceTree = "<group>";
		};
		3FAD4D4D1CC998FC00156615 /* InfoPlist.strings */ = {
			isa = PBXVariantGroup;
			children = (
				3FAD4D4C1CC998FC00156615 /* pt-BR */,
				3FAD4D5B1CC99E3A00156615 /* en */,
				3FB052551CC9CD3F00FD83A5 /* Base */,
			);
			name = InfoPlist.strings;
			sourceTree = "<group>";
		};
		3FAD4D521CC998FC00156615 /* InfoPlist.strings */ = {
			isa = PBXVariantGroup;
			children = (
				3FAD4D511CC998FC00156615 /* pt-BR */,
				3FAD4D5C1CC99E3A00156615 /* en */,
			);
			name = InfoPlist.strings;
			sourceTree = "<group>";
		};
		3FAD4D571CC998FC00156615 /* InfoPlist.strings */ = {
			isa = PBXVariantGroup;
			children = (
				3FAD4D561CC998FC00156615 /* pt-BR */,
				3FAD4D5D1CC99E3B00156615 /* en */,
			);
			name = InfoPlist.strings;
			sourceTree = "<group>";
		};
/* End PBXVariantGroup section */

/* Begin XCBuildConfiguration section */
		1B396B7F1C9251D900986749 /* Debug */ = {
			isa = XCBuildConfiguration;
			buildSettings = {
				ALWAYS_SEARCH_USER_PATHS = NO;
				CLANG_CXX_LANGUAGE_STANDARD = "gnu++0x";
				CLANG_CXX_LIBRARY = "libc++";
				CLANG_ENABLE_MODULES = YES;
				CLANG_ENABLE_OBJC_ARC = YES;
				CLANG_WARN_BOOL_CONVERSION = YES;
				CLANG_WARN_CONSTANT_CONVERSION = YES;
				CLANG_WARN_DIRECT_OBJC_ISA_USAGE = YES_ERROR;
				CLANG_WARN_EMPTY_BODY = YES;
				CLANG_WARN_ENUM_CONVERSION = YES;
				CLANG_WARN_INT_CONVERSION = YES;
				CLANG_WARN_OBJC_ROOT_CLASS = YES_ERROR;
				CLANG_WARN_UNREACHABLE_CODE = YES;
				CLANG_WARN__DUPLICATE_METHOD_MATCH = YES;
				"CODE_SIGN_IDENTITY[sdk=iphoneos*]" = "iPhone Developer";
				COPY_PHASE_STRIP = NO;
				DEBUG_INFORMATION_FORMAT = dwarf;
				ENABLE_STRICT_OBJC_MSGSEND = YES;
				ENABLE_TESTABILITY = YES;
				GCC_C_LANGUAGE_STANDARD = gnu99;
				GCC_DYNAMIC_NO_PIC = NO;
				GCC_NO_COMMON_BLOCKS = YES;
				GCC_OPTIMIZATION_LEVEL = 0;
				GCC_PREPROCESSOR_DEFINITIONS = (
					"DEBUG=1",
					"$(inherited)",
				);
				GCC_WARN_64_TO_32_BIT_CONVERSION = YES;
				GCC_WARN_ABOUT_RETURN_TYPE = YES_ERROR;
				GCC_WARN_UNDECLARED_SELECTOR = YES;
				GCC_WARN_UNINITIALIZED_AUTOS = YES_AGGRESSIVE;
				GCC_WARN_UNUSED_FUNCTION = YES;
				GCC_WARN_UNUSED_VARIABLE = YES;
				IPHONEOS_DEPLOYMENT_TARGET = 9.3;
				MTL_ENABLE_DEBUG_INFO = YES;
				ONLY_ACTIVE_ARCH = YES;
				SDKROOT = iphoneos;
				SWIFT_OPTIMIZATION_LEVEL = "-Onone";
				TARGETED_DEVICE_FAMILY = "1,2";
			};
			name = Debug;
		};
		1B396B801C9251D900986749 /* Release */ = {
			isa = XCBuildConfiguration;
			buildSettings = {
				ALWAYS_SEARCH_USER_PATHS = NO;
				CLANG_CXX_LANGUAGE_STANDARD = "gnu++0x";
				CLANG_CXX_LIBRARY = "libc++";
				CLANG_ENABLE_MODULES = YES;
				CLANG_ENABLE_OBJC_ARC = YES;
				CLANG_WARN_BOOL_CONVERSION = YES;
				CLANG_WARN_CONSTANT_CONVERSION = YES;
				CLANG_WARN_DIRECT_OBJC_ISA_USAGE = YES_ERROR;
				CLANG_WARN_EMPTY_BODY = YES;
				CLANG_WARN_ENUM_CONVERSION = YES;
				CLANG_WARN_INT_CONVERSION = YES;
				CLANG_WARN_OBJC_ROOT_CLASS = YES_ERROR;
				CLANG_WARN_UNREACHABLE_CODE = YES;
				CLANG_WARN__DUPLICATE_METHOD_MATCH = YES;
				"CODE_SIGN_IDENTITY[sdk=iphoneos*]" = "iPhone Developer";
				COPY_PHASE_STRIP = NO;
				DEBUG_INFORMATION_FORMAT = "dwarf-with-dsym";
				ENABLE_NS_ASSERTIONS = NO;
				ENABLE_STRICT_OBJC_MSGSEND = YES;
				GCC_C_LANGUAGE_STANDARD = gnu99;
				GCC_NO_COMMON_BLOCKS = YES;
				GCC_WARN_64_TO_32_BIT_CONVERSION = YES;
				GCC_WARN_ABOUT_RETURN_TYPE = YES_ERROR;
				GCC_WARN_UNDECLARED_SELECTOR = YES;
				GCC_WARN_UNINITIALIZED_AUTOS = YES_AGGRESSIVE;
				GCC_WARN_UNUSED_FUNCTION = YES;
				GCC_WARN_UNUSED_VARIABLE = YES;
				IPHONEOS_DEPLOYMENT_TARGET = 9.3;
				MTL_ENABLE_DEBUG_INFO = NO;
				SDKROOT = iphoneos;
				TARGETED_DEVICE_FAMILY = "1,2";
				VALIDATE_PRODUCT = YES;
			};
			name = Release;
		};
		1B396B821C9251D900986749 /* Debug */ = {
			isa = XCBuildConfiguration;
			buildSettings = {
				ASSETCATALOG_COMPILER_APPICON_NAME = AppIcon;
				CLANG_ENABLE_MODULES = YES;
				CODE_SIGN_IDENTITY = "iPhone Developer";
				"CODE_SIGN_IDENTITY[sdk=iphoneos*]" = "iPhone Developer";
				INFOPLIST_FILE = MySportsDiary/Info.plist;
				IPHONEOS_DEPLOYMENT_TARGET = 9.3;
				LD_RUNPATH_SEARCH_PATHS = "$(inherited) @executable_path/Frameworks";
				PRODUCT_BUNDLE_IDENTIFIER = uk.ac.aber.MyRugbyDiary;
				PRODUCT_NAME = "$(TARGET_NAME)";
				PROVISIONING_PROFILE = "";
				SWIFT_OBJC_BRIDGING_HEADER = "MySportsDiary/MySportsDiary-Bridging-Header.h";
				SWIFT_OPTIMIZATION_LEVEL = "-Onone";
			};
			name = Debug;
		};
		1B396B831C9251D900986749 /* Release */ = {
			isa = XCBuildConfiguration;
			buildSettings = {
				ASSETCATALOG_COMPILER_APPICON_NAME = AppIcon;
				CLANG_ENABLE_MODULES = YES;
				CODE_SIGN_IDENTITY = "iPhone Developer";
				"CODE_SIGN_IDENTITY[sdk=iphoneos*]" = "iPhone Developer";
				INFOPLIST_FILE = MySportsDiary/Info.plist;
				IPHONEOS_DEPLOYMENT_TARGET = 9.3;
				LD_RUNPATH_SEARCH_PATHS = "$(inherited) @executable_path/Frameworks";
				PRODUCT_BUNDLE_IDENTIFIER = uk.ac.aber.MyRugbyDiary;
				PRODUCT_NAME = "$(TARGET_NAME)";
				PROVISIONING_PROFILE = "";
				SWIFT_OBJC_BRIDGING_HEADER = "MySportsDiary/MySportsDiary-Bridging-Header.h";
			};
			name = Release;
		};
		1B396B991C93AD9600986749 /* Debug */ = {
			isa = XCBuildConfiguration;
			buildSettings = {
				BUNDLE_LOADER = "$(TEST_HOST)";
				INFOPLIST_FILE = MySportsDiaryTests/Info.plist;
				IPHONEOS_DEPLOYMENT_TARGET = 9.3;
				LD_RUNPATH_SEARCH_PATHS = "$(inherited) @executable_path/Frameworks @loader_path/Frameworks";
				PRODUCT_BUNDLE_IDENTIFIER = uk.ac.aber.MySportsDiaryTests;
				PRODUCT_NAME = "$(TARGET_NAME)";
				TEST_HOST = "$(BUILT_PRODUCTS_DIR)/MySportsDiary.app/MySportsDiary";
			};
			name = Debug;
		};
		1B396B9A1C93AD9600986749 /* Release */ = {
			isa = XCBuildConfiguration;
			buildSettings = {
				BUNDLE_LOADER = "$(TEST_HOST)";
				INFOPLIST_FILE = MySportsDiaryTests/Info.plist;
				IPHONEOS_DEPLOYMENT_TARGET = 9.3;
				LD_RUNPATH_SEARCH_PATHS = "$(inherited) @executable_path/Frameworks @loader_path/Frameworks";
				PRODUCT_BUNDLE_IDENTIFIER = uk.ac.aber.MySportsDiaryTests;
				PRODUCT_NAME = "$(TARGET_NAME)";
				TEST_HOST = "$(BUILT_PRODUCTS_DIR)/MySportsDiary.app/MySportsDiary";
			};
			name = Release;
		};
		1BC2B9CC1CA7418A00F519AF /* Debug */ = {
			isa = XCBuildConfiguration;
			buildSettings = {
				CLANG_ANALYZER_NONNULL = YES;
				INFOPLIST_FILE = MySportsDiaryUITests/Info.plist;
				IPHONEOS_DEPLOYMENT_TARGET = 9.3;
				LD_RUNPATH_SEARCH_PATHS = "$(inherited) @executable_path/Frameworks @loader_path/Frameworks";
				PRODUCT_BUNDLE_IDENTIFIER = uk.ac.aber.enm3.MySportsDiaryUITests;
				PRODUCT_NAME = "$(TARGET_NAME)";
				TEST_HOST = host;
				TEST_TARGET_NAME = MySportsDiary;
			};
			name = Debug;
		};
		1BC2B9CD1CA7418A00F519AF /* Release */ = {
			isa = XCBuildConfiguration;
			buildSettings = {
				CLANG_ANALYZER_NONNULL = YES;
				INFOPLIST_FILE = MySportsDiaryUITests/Info.plist;
				IPHONEOS_DEPLOYMENT_TARGET = 9.3;
				LD_RUNPATH_SEARCH_PATHS = "$(inherited) @executable_path/Frameworks @loader_path/Frameworks";
				PRODUCT_BUNDLE_IDENTIFIER = uk.ac.aber.enm3.MySportsDiaryUITests;
				PRODUCT_NAME = "$(TARGET_NAME)";
				TEST_HOST = host;
				TEST_TARGET_NAME = MySportsDiary;
			};
			name = Release;
		};
/* End XCBuildConfiguration section */

/* Begin XCConfigurationList section */
		1B396B681C9251D900986749 /* Build configuration list for PBXProject "MySportsDiary" */ = {
			isa = XCConfigurationList;
			buildConfigurations = (
				1B396B7F1C9251D900986749 /* Debug */,
				1B396B801C9251D900986749 /* Release */,
			);
			defaultConfigurationIsVisible = 0;
			defaultConfigurationName = Release;
		};
		1B396B811C9251D900986749 /* Build configuration list for PBXNativeTarget "MySportsDiary" */ = {
			isa = XCConfigurationList;
			buildConfigurations = (
				1B396B821C9251D900986749 /* Debug */,
				1B396B831C9251D900986749 /* Release */,
			);
			defaultConfigurationIsVisible = 0;
			defaultConfigurationName = Release;
		};
		1B396B9B1C93AD9600986749 /* Build configuration list for PBXNativeTarget "MySportsDiaryTests" */ = {
			isa = XCConfigurationList;
			buildConfigurations = (
				1B396B991C93AD9600986749 /* Debug */,
				1B396B9A1C93AD9600986749 /* Release */,
			);
			defaultConfigurationIsVisible = 0;
			defaultConfigurationName = Release;
		};
		1BC2B9CB1CA7418A00F519AF /* Build configuration list for PBXNativeTarget "MySportsDiaryUITests" */ = {
			isa = XCConfigurationList;
			buildConfigurations = (
				1BC2B9CC1CA7418A00F519AF /* Debug */,
				1BC2B9CD1CA7418A00F519AF /* Release */,
			);
			defaultConfigurationIsVisible = 0;
			defaultConfigurationName = Release;
		};
/* End XCConfigurationList section */
	};
	rootObject = 1B396B651C9251D900986749 /* Project object */;
}
